
Microsoft Visual Studio Solution File, Format Version 12.00
# Visual Studio Version 16
VisualStudioVersion = 16.0.31613.86
MinimumVisualStudioVersion = 10.0.40219.1
Project("{8BC9CEB8-8B4A-11D0-8D11-00A0C91BC942}") = "oj26 9.9（）", "oj26 9.9（）.vcxproj", "{07BDE69D-337B-4B37-AD92-ABF7CA2A8F93}"
EndProject
Global
	GlobalSection(SolutionConfigurationPlatforms) = preSolution
		Debug|x64 = Debug|x64
		Debug|x86 = Debug|x86
		Release|x64 = Release|x64
		Release|x86 = Release|x86
	EndGlobalSection
	GlobalSection(ProjectConfigurationPlatforms) = postSolution
		{07BDE69D-337B-4B37-AD92-ABF7CA2A8F93}.Debug|x64.ActiveCfg = Debug|x64
		{07BDE69D-337B-4B37-AD92-ABF7CA2A8F93}.Debug|x64.Build.0 = Debug|x64
		{07BDE69D-337B-4B37-AD92-ABF7CA2A8F93}.Debug|x86.ActiveCfg = Debug|Win32
		{07BDE69D-337B-4B37-AD92-ABF7CA2A8F93}.Debug|x86.Build.0 = Debug|Win32
		{07BDE69D-337B-4B37-AD92-ABF7CA2A8F93}.Release|x64.ActiveCfg = Release|x64
		{07BDE69D-337B-4B37-AD92-ABF7CA2A8F93}.Release|x64.Build.0 = Release|x64
		{07BDE69D-337B-4B37-AD92-ABF7CA2A8F93}.Release|x86.ActiveCfg = Release|Win32
		{07BDE69D-337B-4B37-AD92-ABF7CA2A8F93}.Release|x86.Build.0 = Release|Win32
	EndGlobalSection
	GlobalSection(SolutionProperties) = preSolution
		HideSolutionNode = FALSE
	EndGlobalSection
	GlobalSection(ExtensibilityGlobals) = postSolution
		SolutionGuid = {33364E19-8686-48A0-91C7-D6A9287F4219}
	EndGlobalSection
EndGlobal
