
Microsoft Visual Studio Solution File, Format Version 12.00
# Visual Studio Version 16
VisualStudioVersion = 16.0.31613.86
MinimumVisualStudioVersion = 10.0.40219.1
Project("{8BC9CEB8-8B4A-11D0-8D11-00A0C91BC942}") = "oj18 9.1（）", "oj18 9.1（）.vcxproj", "{C181D247-0D54-4FDC-A09D-0B01C2B26452}"
EndProject
Global
	GlobalSection(SolutionConfigurationPlatforms) = preSolution
		Debug|x64 = Debug|x64
		Debug|x86 = Debug|x86
		Release|x64 = Release|x64
		Release|x86 = Release|x86
	EndGlobalSection
	GlobalSection(ProjectConfigurationPlatforms) = postSolution
		{C181D247-0D54-4FDC-A09D-0B01C2B26452}.Debug|x64.ActiveCfg = Debug|x64
		{C181D247-0D54-4FDC-A09D-0B01C2B26452}.Debug|x64.Build.0 = Debug|x64
		{C181D247-0D54-4FDC-A09D-0B01C2B26452}.Debug|x86.ActiveCfg = Debug|Win32
		{C181D247-0D54-4FDC-A09D-0B01C2B26452}.Debug|x86.Build.0 = Debug|Win32
		{C181D247-0D54-4FDC-A09D-0B01C2B26452}.Release|x64.ActiveCfg = Release|x64
		{C181D247-0D54-4FDC-A09D-0B01C2B26452}.Release|x64.Build.0 = Release|x64
		{C181D247-0D54-4FDC-A09D-0B01C2B26452}.Release|x86.ActiveCfg = Release|Win32
		{C181D247-0D54-4FDC-A09D-0B01C2B26452}.Release|x86.Build.0 = Release|Win32
	EndGlobalSection
	GlobalSection(SolutionProperties) = preSolution
		HideSolutionNode = FALSE
	EndGlobalSection
	GlobalSection(ExtensibilityGlobals) = postSolution
		SolutionGuid = {BE76D45C-181F-47BD-837F-4A2A664D9A1D}
	EndGlobalSection
EndGlobal
