
Microsoft Visual Studio Solution File, Format Version 12.00
# Visual Studio Version 16
VisualStudioVersion = 16.0.31624.102
MinimumVisualStudioVersion = 10.0.40219.1
Project("{8BC9CEB8-8B4A-11D0-8D11-00A0C91BC942}") = "test 12.12", "test 12.12.vcxproj", "{6DF940CE-4761-4AF1-9B34-6217D28E3002}"
EndProject
Global
	GlobalSection(SolutionConfigurationPlatforms) = preSolution
		Debug|x64 = Debug|x64
		Debug|x86 = Debug|x86
		Release|x64 = Release|x64
		Release|x86 = Release|x86
	EndGlobalSection
	GlobalSection(ProjectConfigurationPlatforms) = postSolution
		{6DF940CE-4761-4AF1-9B34-6217D28E3002}.Debug|x64.ActiveCfg = Debug|x64
		{6DF940CE-4761-4AF1-9B34-6217D28E3002}.Debug|x64.Build.0 = Debug|x64
		{6DF940CE-4761-4AF1-9B34-6217D28E3002}.Debug|x86.ActiveCfg = Debug|Win32
		{6DF940CE-4761-4AF1-9B34-6217D28E3002}.Debug|x86.Build.0 = Debug|Win32
		{6DF940CE-4761-4AF1-9B34-6217D28E3002}.Release|x64.ActiveCfg = Release|x64
		{6DF940CE-4761-4AF1-9B34-6217D28E3002}.Release|x64.Build.0 = Release|x64
		{6DF940CE-4761-4AF1-9B34-6217D28E3002}.Release|x86.ActiveCfg = Release|Win32
		{6DF940CE-4761-4AF1-9B34-6217D28E3002}.Release|x86.Build.0 = Release|Win32
	EndGlobalSection
	GlobalSection(SolutionProperties) = preSolution
		HideSolutionNode = FALSE
	EndGlobalSection
	GlobalSection(ExtensibilityGlobals) = postSolution
		SolutionGuid = {E2EAF2AC-134F-434F-99B9-6696E3F25BD3}
	EndGlobalSection
EndGlobal
