
Microsoft Visual Studio Solution File, Format Version 12.00
# Visual Studio Version 16
VisualStudioVersion = 16.0.31624.102
MinimumVisualStudioVersion = 10.0.40219.1
Project("{8BC9CEB8-8B4A-11D0-8D11-00A0C91BC942}") = "oj54 10.7（）", "oj54 10.7（）.vcxproj", "{46F7EA5D-E9C6-4F2F-A120-86E9D77252FE}"
EndProject
Global
	GlobalSection(SolutionConfigurationPlatforms) = preSolution
		Debug|x64 = Debug|x64
		Debug|x86 = Debug|x86
		Release|x64 = Release|x64
		Release|x86 = Release|x86
	EndGlobalSection
	GlobalSection(ProjectConfigurationPlatforms) = postSolution
		{46F7EA5D-E9C6-4F2F-A120-86E9D77252FE}.Debug|x64.ActiveCfg = Debug|x64
		{46F7EA5D-E9C6-4F2F-A120-86E9D77252FE}.Debug|x64.Build.0 = Debug|x64
		{46F7EA5D-E9C6-4F2F-A120-86E9D77252FE}.Debug|x86.ActiveCfg = Debug|Win32
		{46F7EA5D-E9C6-4F2F-A120-86E9D77252FE}.Debug|x86.Build.0 = Debug|Win32
		{46F7EA5D-E9C6-4F2F-A120-86E9D77252FE}.Release|x64.ActiveCfg = Release|x64
		{46F7EA5D-E9C6-4F2F-A120-86E9D77252FE}.Release|x64.Build.0 = Release|x64
		{46F7EA5D-E9C6-4F2F-A120-86E9D77252FE}.Release|x86.ActiveCfg = Release|Win32
		{46F7EA5D-E9C6-4F2F-A120-86E9D77252FE}.Release|x86.Build.0 = Release|Win32
	EndGlobalSection
	GlobalSection(SolutionProperties) = preSolution
		HideSolutionNode = FALSE
	EndGlobalSection
	GlobalSection(ExtensibilityGlobals) = postSolution
		SolutionGuid = {8915773C-76F1-4817-95C9-BFF775945AFC}
	EndGlobalSection
EndGlobal
