
Microsoft Visual Studio Solution File, Format Version 12.00
# Visual Studio Version 16
VisualStudioVersion = 16.0.31613.86
MinimumVisualStudioVersion = 10.0.40219.1
Project("{8BC9CEB8-8B4A-11D0-8D11-00A0C91BC942}") = "oj14 8.28（）", "oj14 8.28（）.vcxproj", "{A03B382C-62F3-4FF2-A49C-10D6815FFAE9}"
EndProject
Global
	GlobalSection(SolutionConfigurationPlatforms) = preSolution
		Debug|x64 = Debug|x64
		Debug|x86 = Debug|x86
		Release|x64 = Release|x64
		Release|x86 = Release|x86
	EndGlobalSection
	GlobalSection(ProjectConfigurationPlatforms) = postSolution
		{A03B382C-62F3-4FF2-A49C-10D6815FFAE9}.Debug|x64.ActiveCfg = Debug|x64
		{A03B382C-62F3-4FF2-A49C-10D6815FFAE9}.Debug|x64.Build.0 = Debug|x64
		{A03B382C-62F3-4FF2-A49C-10D6815FFAE9}.Debug|x86.ActiveCfg = Debug|Win32
		{A03B382C-62F3-4FF2-A49C-10D6815FFAE9}.Debug|x86.Build.0 = Debug|Win32
		{A03B382C-62F3-4FF2-A49C-10D6815FFAE9}.Release|x64.ActiveCfg = Release|x64
		{A03B382C-62F3-4FF2-A49C-10D6815FFAE9}.Release|x64.Build.0 = Release|x64
		{A03B382C-62F3-4FF2-A49C-10D6815FFAE9}.Release|x86.ActiveCfg = Release|Win32
		{A03B382C-62F3-4FF2-A49C-10D6815FFAE9}.Release|x86.Build.0 = Release|Win32
	EndGlobalSection
	GlobalSection(SolutionProperties) = preSolution
		HideSolutionNode = FALSE
	EndGlobalSection
	GlobalSection(ExtensibilityGlobals) = postSolution
		SolutionGuid = {C7B9F9A9-369F-49D7-AFB5-F43DD0075045}
	EndGlobalSection
EndGlobal
